
Microsoft Visual Studio Solution File, Format Version 12.00
# Visual Studio 15
VisualStudioVersion = 15.0.27703.2035
MinimumVisualStudioVersion = 10.0.40219.1
Project("{FAE04EC0-301F-11D3-BF4B-00C04F79EFBC}") = "Practic4", "Practic4\Practic4.csproj", "{A34FC239-0F4B-454B-A457-1A7E0263419B}"
EndProject
Global
	GlobalSection(SolutionConfigurationPlatforms) = preSolution
		Debug|Any CPU = Debug|Any CPU
		Release|Any CPU = Release|Any CPU
	EndGlobalSection
	GlobalSection(ProjectConfigurationPlatforms) = postSolution
		{A34FC239-0F4B-454B-A457-1A7E0263419B}.Debug|Any CPU.ActiveCfg = Debug|Any CPU
		{A34FC239-0F4B-454B-A457-1A7E0263419B}.Debug|Any CPU.Build.0 = Debug|Any CPU
		{A34FC239-0F4B-454B-A457-1A7E0263419B}.Release|Any CPU.ActiveCfg = Release|Any CPU
		{A34FC239-0F4B-454B-A457-1A7E0263419B}.Release|Any CPU.Build.0 = Release|Any CPU
	EndGlobalSection
	GlobalSection(SolutionProperties) = preSolution
		HideSolutionNode = FALSE
	EndGlobalSection
	GlobalSection(ExtensibilityGlobals) = postSolution
		SolutionGuid = {733EBEAF-DB57-4AEF-BDAA-956393651380}
	EndGlobalSection
EndGlobal
